
Microsoft Visual Studio Solution File, Format Version 12.00
# Visual Studio Version 17
VisualStudioVersion = 17.11.35208.52
MinimumVisualStudioVersion = 10.0.40219.1
Project("{FAE04EC0-301F-11D3-BF4B-00C04F79EFBC}") = "MasterPage_onkar", "MasterPage_onkar\MasterPage_onkar.csproj", "{8D0AB358-2C71-4578-87D9-2D32EE4F5C82}"
EndProject
Global
	GlobalSection(SolutionConfigurationPlatforms) = preSolution
		Debug|Any CPU = Debug|Any CPU
		Release|Any CPU = Release|Any CPU
	EndGlobalSection
	GlobalSection(ProjectConfigurationPlatforms) = postSolution
		{8D0AB358-2C71-4578-87D9-2D32EE4F5C82}.Debug|Any CPU.ActiveCfg = Debug|Any CPU
		{8D0AB358-2C71-4578-87D9-2D32EE4F5C82}.Debug|Any CPU.Build.0 = Debug|Any CPU
		{8D0AB358-2C71-4578-87D9-2D32EE4F5C82}.Release|Any CPU.ActiveCfg = Release|Any CPU
		{8D0AB358-2C71-4578-87D9-2D32EE4F5C82}.Release|Any CPU.Build.0 = Release|Any CPU
	EndGlobalSection
	GlobalSection(SolutionProperties) = preSolution
		HideSolutionNode = FALSE
	EndGlobalSection
	GlobalSection(ExtensibilityGlobals) = postSolution
		SolutionGuid = {8DEF18B3-6210-42D0-AA21-6E297E0E3915}
	EndGlobalSection
EndGlobal
